<?xml version="1.0" encoding="UTF-8" standalone="yes" ?>
<CodeBlocks_project_file>
	<FileVersion major="1" minor="6" />
	<Project>
		<Option title="newArch" />
		<Option pch_mode="2" />
		<Option compiler="gcc" />
		<Build>
			<Target title="Debug">
				<Option output="bin/Debug/newArch" prefix_auto="1" extension_auto="1" />
				<Option object_output="obj/Debug/" />
				<Option type="1" />
				<Option compiler="gcc" />
				<Compiler>
					<Add option="-g" />
				</Compiler>
			</Target>
			<Target title="Release">
				<Option output="bin/Release/newArch" prefix_auto="1" extension_auto="1" />
				<Option object_output="obj/Release/" />
				<Option type="0" />
				<Option compiler="gcc" />
				<Compiler>
					<Add option="-O2" />
				</Compiler>
				<Linker>
					<Add option="-s" />
				</Linker>
			</Target>
		</Build>
		<Compiler>
			<Add option="-std=c++11" />
			<Add option="-Wall" />
		</Compiler>
		<Linker>
			<Add library="sfml-audio" />
			<Add library="sfml-graphics" />
			<Add library="sfml-network" />
			<Add library="sfml-system" />
			<Add library="sfml-window" />
		</Linker>
		<Unit filename="GameManager.cpp" />
		<Unit filename="GameManager.h" />
		<Unit filename="ILevel.h" />
		<Unit filename="LevelOne.cpp" />
		<Unit filename="LevelOne.h" />
		<Unit filename="Menu.cpp" />
		<Unit filename="Menu.h" />
		<Unit filename="Player.cpp" />
		<Unit filename="Player.h" />
		<Unit filename="arbre1.png" />
		<Unit filename="arbre2.png" />
		<Unit filename="atterisage_droite.png" />
		<Unit filename="caisse.png" />
		<Unit filename="courir_droite.png" />
		<Unit filename="fang.png" />
		<Unit filename="lancer_partie.png" />
		<Unit filename="lancer_partie_actif.png" />
		<Unit filename="main.cpp" />
		<Unit filename="menu_background.png" />
		<Unit filename="normal_gauche.png" />
		<Unit filename="options.png" />
		<Unit filename="options_actif.png" />
		<Unit filename="saut_droite.png" />
		<Unit filename="sol1.png" />
		<Unit filename="sol2.png" />
		<Unit filename="sol3.png" />
		<Extensions>
			<code_completion />
			<debugger />
		</Extensions>
	</Project>
</CodeBlocks_project_file>
